// !$*UTF8*$!
{
	archiveVersion = 1;
	classes = {
	};
	objectVersion = 46;
	objects = {

/* Begin PBXBuildFile section */
		6FA0B7A01ECCA669008F9B3D /* AppDelegate.swift in Sources */ = {isa = PBXBuildFile; fileRef = 6FA0B79F1ECCA669008F9B3D /* AppDelegate.swift */; };
		6FA0B7A21ECCA669008F9B3D /* ViewController.swift in Sources */ = {isa = PBXBuildFile; fileRef = 6FA0B7A11ECCA669008F9B3D /* ViewController.swift */; };
		6FA0B7A51ECCA66A008F9B3D /* Main.storyboard in Resources */ = {isa = PBXBuildFile; fileRef = 6FA0B7A31ECCA66A008F9B3D /* Main.storyboard */; };
		6FA0B7A71ECCA66A008F9B3D /* Assets.xcassets in Resources */ = {isa = PBXBuildFile; fileRef = 6FA0B7A61ECCA66A008F9B3D /* Assets.xcassets */; };
		6FA0B7AA1ECCA66A008F9B3D /* LaunchScreen.storyboard in Resources */ = {isa = PBXBuildFile; fileRef = 6FA0B7A81ECCA66A008F9B3D /* LaunchScreen.storyboard */; };
		6FA0B7B51ECCA66A008F9B3D /* Simple_CounterTests.swift in Sources */ = {isa = PBXBuildFile; fileRef = 6FA0B7B41ECCA66A008F9B3D /* Simple_CounterTests.swift */; };
		6FA0B7C01ECCA66A008F9B3D /* Simple_CounterUITests.swift in Sources */ = {isa = PBXBuildFile; fileRef = 6FA0B7BF1ECCA66A008F9B3D /* Simple_CounterUITests.swift */; };
/* End PBXBuildFile section */

/* Begin PBXContainerItemProxy section */
		6FA0B7B11ECCA66A008F9B3D /* PBXContainerItemProxy */ = {
			isa = PBXContainerItemProxy;
			containerPortal = 6FA0B7941ECCA669008F9B3D /* Project object */;
			proxyType = 1;
			remoteGlobalIDString = 6FA0B79B1ECCA669008F9B3D;
			remoteInfo = "Simple Counter";
		};
		6FA0B7BC1ECCA66A008F9B3D /* PBXContainerItemProxy */ = {
			isa = PBXContainerItemProxy;
			containerPortal = 6FA0B7941ECCA669008F9B3D /* Project object */;
			proxyType = 1;
			remoteGlobalIDString = 6FA0B79B1ECCA669008F9B3D;
			remoteInfo = "Simple Counter";
		};
/* End PBXContainerItemProxy section */

/* Begin PBXFileReference section */
		6FA0B79C1ECCA669008F9B3D /* Simple Counter.app */ = {isa = PBXFileReference; explicitFileType = wrapper.application; includeInIndex = 0; path = "Simple Counter.app"; sourceTree = BUILT_PRODUCTS_DIR; };
		6FA0B79F1ECCA669008F9B3D /* AppDelegate.swift */ = {isa = PBXFileReference; lastKnownFileType = sourcecode.swift; path = AppDelegate.swift; sourceTree = "<group>"; };
		6FA0B7A11ECCA669008F9B3D /* ViewController.swift */ = {isa = PBXFileReference; lastKnownFileType = sourcecode.swift; path = ViewController.swift; sourceTree = "<group>"; };
		6FA0B7A41ECCA66A008F9B3D /* Base */ = {isa = PBXFileReference; lastKnownFileType = file.storyboard; name = Base; path = Base.lproj/Main.storyboard; sourceTree = "<group>"; };
		6FA0B7A61ECCA66A008F9B3D /* Assets.xcassets */ = {isa = PBXFileReference; lastKnownFileType = folder.assetcatalog; path = Assets.xcassets; sourceTree = "<group>"; };
		6FA0B7A91ECCA66A008F9B3D /* Base */ = {isa = PBXFileReference; lastKnownFileType = file.storyboard; name = Base; path = Base.lproj/LaunchScreen.storyboard; sourceTree = "<group>"; };
		6FA0B7AB1ECCA66A008F9B3D /* Info.plist */ = {isa = PBXFileReference; lastKnownFileType = text.plist.xml; path = Info.plist; sourceTree = "<group>"; };
		6FA0B7B01ECCA66A008F9B3D /* Simple CounterTests.xctest */ = {isa = PBXFileReference; explicitFileType = wrapper.cfbundle; includeInIndex = 0; path = "Simple CounterTests.xctest"; sourceTree = BUILT_PRODUCTS_DIR; };
		6FA0B7B41ECCA66A008F9B3D /* Simple_CounterTests.swift */ = {isa = PBXFileReference; lastKnownFileType = sourcecode.swift; path = Simple_CounterTests.swift; sourceTree = "<group>"; };
		6FA0B7B61ECCA66A008F9B3D /* Info.plist */ = {isa = PBXFileReference; lastKnownFileType = text.plist.xml; path = Info.plist; sourceTree = "<group>"; };
		6FA0B7BB1ECCA66A008F9B3D /* Simple CounterUITests.xctest */ = {isa = PBXFileReference; explicitFileType = wrapper.cfbundle; includeInIndex = 0; path = "Simple CounterUITests.xctest"; sourceTree = BUILT_PRODUCTS_DIR; };
		6FA0B7BF1ECCA66A008F9B3D /* Simple_CounterUITests.swift */ = {isa = PBXFileReference; lastKnownFileType = sourcecode.swift; path = Simple_CounterUITests.swift; sourceTree = "<group>"; };
		6FA0B7C11ECCA66A008F9B3D /* Info.plist */ = {isa = PBXFileReference; lastKnownFileType = text.plist.xml; path = Info.plist; sourceTree = "<group>"; };
/* End PBXFileReference section */

/* Begin PBXFrameworksBuildPhase section */
		6FA0B7991ECCA669008F9B3D /* Frameworks */ = {
			isa = PBXFrameworksBuildPhase;
			buildActionMask = 2147483647;
			files = (
			);
			runOnlyForDeploymentPostprocessing = 0;
		};
		6FA0B7AD1ECCA66A008F9B3D /* Frameworks */ = {
			isa = PBXFrameworksBuildPhase;
			buildActionMask = 2147483647;
			files = (
			);
			runOnlyForDeploymentPostprocessing = 0;
		};
		6FA0B7B81ECCA66A008F9B3D /* Frameworks */ = {
			isa = PBXFrameworksBuildPhase;
			buildActionMask = 2147483647;
			files = (
			);
			runOnlyForDeploymentPostprocessing = 0;
		};
/* End PBXFrameworksBuildPhase section */

/* Begin PBXGroup section */
		6FA0B7931ECCA669008F9B3D = {
			isa = PBXGroup;
			children = (
				6FA0B79E1ECCA669008F9B3D /* Simple Counter */,
				6FA0B7B31ECCA66A008F9B3D /* Simple CounterTests */,
				6FA0B7BE1ECCA66A008F9B3D /* Simple CounterUITests */,
				6FA0B79D1ECCA669008F9B3D /* Products */,
			);
			sourceTree = "<group>";
		};
		6FA0B79D1ECCA669008F9B3D /* Products */ = {
			isa = PBXGroup;
			children = (
				6FA0B79C1ECCA669008F9B3D /* Simple Counter.app */,
				6FA0B7B01ECCA66A008F9B3D /* Simple CounterTests.xctest */,
				6FA0B7BB1ECCA66A008F9B3D /* Simple CounterUITests.xctest */,
			);
			name = Products;
			sourceTree = "<group>";
		};
		6FA0B79E1ECCA669008F9B3D /* Simple Counter */ = {
			isa = PBXGroup;
			children = (
				6FA0B79F1ECCA669008F9B3D /* AppDelegate.swift */,
				6FA0B7A11ECCA669008F9B3D /* ViewController.swift */,
				6FA0B7A31ECCA66A008F9B3D /* Main.storyboard */,
				6FA0B7A61ECCA66A008F9B3D /* Assets.xcassets */,
				6FA0B7A81ECCA66A008F9B3D /* LaunchScreen.storyboard */,
				6FA0B7AB1ECCA66A008F9B3D /* Info.plist */,
			);
			path = "Simple Counter";
			sourceTree = "<group>";
		};
		6FA0B7B31ECCA66A008F9B3D /* Simple CounterTests */ = {
			isa = PBXGroup;
			children = (
				6FA0B7B41ECCA66A008F9B3D /* Simple_CounterTests.swift */,
				6FA0B7B61ECCA66A008F9B3D /* Info.plist */,
			);
			path = "Simple CounterTests";
			sourceTree = "<group>";
		};
		6FA0B7BE1ECCA66A008F9B3D /* Simple CounterUITests */ = {
			isa = PBXGroup;
			children = (
				6FA0B7BF1ECCA66A008F9B3D /* Simple_CounterUITests.swift */,
				6FA0B7C11ECCA66A008F9B3D /* Info.plist */,
			);
			path = "Simple CounterUITests";
			sourceTree = "<group>";
		};
/* End PBXGroup section */

/* Begin PBXNativeTarget section */
		6FA0B79B1ECCA669008F9B3D /* Simple Counter */ = {
			isa = PBXNativeTarget;
			buildConfigurationList = 6FA0B7C41ECCA66A008F9B3D /* Build configuration list for PBXNativeTarget "Simple Counter" */;
			buildPhases = (
				6FA0B7981ECCA669008F9B3D /* Sources */,
				6FA0B7991ECCA669008F9B3D /* Frameworks */,
				6FA0B79A1ECCA669008F9B3D /* Resources */,
			);
			buildRules = (
			);
			dependencies = (
			);
			name = "Simple Counter";
			productName = "Simple Counter";
			productReference = 6FA0B79C1ECCA669008F9B3D /* Simple Counter.app */;
			productType = "com.apple.product-type.application";
		};
		6FA0B7AF1ECCA66A008F9B3D /* Simple CounterTests */ = {
			isa = PBXNativeTarget;
			buildConfigurationList = 6FA0B7C71ECCA66A008F9B3D /* Build configuration list for PBXNativeTarget "Simple CounterTests" */;
			buildPhases = (
				6FA0B7AC1ECCA66A008F9B3D /* Sources */,
				6FA0B7AD1ECCA66A008F9B3D /* Frameworks */,
				6FA0B7AE1ECCA66A008F9B3D /* Resources */,
			);
			buildRules = (
			);
			dependencies = (
				6FA0B7B21ECCA66A008F9B3D /* PBXTargetDependency */,
			);
			name = "Simple CounterTests";
			productName = "Simple CounterTests";
			productReference = 6FA0B7B01ECCA66A008F9B3D /* Simple CounterTests.xctest */;
			productType = "com.apple.product-type.bundle.unit-test";
		};
		6FA0B7BA1ECCA66A008F9B3D /* Simple CounterUITests */ = {
			isa = PBXNativeTarget;
			buildConfigurationList = 6FA0B7CA1ECCA66A008F9B3D /* Build configuration list for PBXNativeTarget "Simple CounterUITests" */;
			buildPhases = (
				6FA0B7B71ECCA66A008F9B3D /* Sources */,
				6FA0B7B81ECCA66A008F9B3D /* Frameworks */,
				6FA0B7B91ECCA66A008F9B3D /* Resources */,
			);
			buildRules = (
			);
			dependencies = (
				6FA0B7BD1ECCA66A008F9B3D /* PBXTargetDependency */,
			);
			name = "Simple CounterUITests";
			productName = "Simple CounterUITests";
			productReference = 6FA0B7BB1ECCA66A008F9B3D /* Simple CounterUITests.xctest */;
			productType = "com.apple.product-type.bundle.ui-testing";
		};
/* End PBXNativeTarget section */

/* Begin PBXProject section */
		6FA0B7941ECCA669008F9B3D /* Project object */ = {
			isa = PBXProject;
			attributes = {
				LastSwiftUpdateCheck = 0820;
				LastUpgradeCheck = 0820;
				ORGANIZATIONNAME = "Clay Sullivan";
				TargetAttributes = {
					6FA0B79B1ECCA669008F9B3D = {
						CreatedOnToolsVersion = 8.2.1;
						DevelopmentTeam = 9Q67Y9479B;
						ProvisioningStyle = Automatic;
					};
					6FA0B7AF1ECCA66A008F9B3D = {
						CreatedOnToolsVersion = 8.2.1;
						DevelopmentTeam = 9Q67Y9479B;
						ProvisioningStyle = Automatic;
						TestTargetID = 6FA0B79B1ECCA669008F9B3D;
					};
					6FA0B7BA1ECCA66A008F9B3D = {
						CreatedOnToolsVersion = 8.2.1;
						DevelopmentTeam = 9Q67Y9479B;
						ProvisioningStyle = Automatic;
						TestTargetID = 6FA0B79B1ECCA669008F9B3D;
					};
				};
			};
			buildConfigurationList = 6FA0B7971ECCA669008F9B3D /* Build configuration list for PBXProject "Simple Counter" */;
			compatibilityVersion = "Xcode 3.2";
			developmentRegion = English;
			hasScannedForEncodings = 0;
			knownRegions = (
				en,
				Base,
			);
			mainGroup = 6FA0B7931ECCA669008F9B3D;
			productRefGroup = 6FA0B79D1ECCA669008F9B3D /* Products */;
			projectDirPath = "";
			projectRoot = "";
			targets = (
				6FA0B79B1ECCA669008F9B3D /* Simple Counter */,
				6FA0B7AF1ECCA66A008F9B3D /* Simple CounterTests */,
				6FA0B7BA1ECCA66A008F9B3D /* Simple CounterUITests */,
			);
		};
/* End PBXProject section */

/* Begin PBXResourcesBuildPhase section */
		6FA0B79A1ECCA669008F9B3D /* Resources */ = {
			isa = PBXResourcesBuildPhase;
			buildActionMask = 2147483647;
			files = (
				6FA0B7AA1ECCA66A008F9B3D /* LaunchScreen.storyboard in Resources */,
				6FA0B7A71ECCA66A008F9B3D /* Assets.xcassets in Resources */,
				6FA0B7A51ECCA66A008F9B3D /* Main.storyboard in Resources */,
			);
			runOnlyForDeploymentPostprocessing = 0;
		};
		6FA0B7AE1ECCA66A008F9B3D /* Resources */ = {
			isa = PBXResourcesBuildPhase;
			buildActionMask = 2147483647;
			files = (
			);
			runOnlyForDeploymentPostprocessing = 0;
		};
		6FA0B7B91ECCA66A008F9B3D /* Resources */ = {
			isa = PBXResourcesBuildPhase;
			buildActionMask = 2147483647;
			files = (
			);
			runOnlyForDeploymentPostprocessing = 0;
		};
/* End PBXResourcesBuildPhase section */

/* Begin PBXSourcesBuildPhase section */
		6FA0B7981ECCA669008F9B3D /* Sources */ = {
			isa = PBXSourcesBuildPhase;
			buildActionMask = 2147483647;
			files = (
				6FA0B7A21ECCA669008F9B3D /* ViewController.swift in Sources */,
				6FA0B7A01ECCA669008F9B3D /* AppDelegate.swift in Sources */,
			);
			runOnlyForDeploymentPostprocessing = 0;
		};
		6FA0B7AC1ECCA66A008F9B3D /* Sources */ = {
			isa = PBXSourcesBuildPhase;
			buildActionMask = 2147483647;
			files = (
				6FA0B7B51ECCA66A008F9B3D /* Simple_CounterTests.swift in Sources */,
			);
			runOnlyForDeploymentPostprocessing = 0;
		};
		6FA0B7B71ECCA66A008F9B3D /* Sources */ = {
			isa = PBXSourcesBuildPhase;
			buildActionMask = 2147483647;
			files = (
				6FA0B7C01ECCA66A008F9B3D /* Simple_CounterUITests.swift in Sources */,
			);
			runOnlyForDeploymentPostprocessing = 0;
		};
/* End PBXSourcesBuildPhase section */

/* Begin PBXTargetDependency section */
		6FA0B7B21ECCA66A008F9B3D /* PBXTargetDependency */ = {
			isa = PBXTargetDependency;
			target = 6FA0B79B1ECCA669008F9B3D /* Simple Counter */;
			targetProxy = 6FA0B7B11ECCA66A008F9B3D /* PBXContainerItemProxy */;
		};
		6FA0B7BD1ECCA66A008F9B3D /* PBXTargetDependency */ = {
			isa = PBXTargetDependency;
			target = 6FA0B79B1ECCA669008F9B3D /* Simple Counter */;
			targetProxy = 6FA0B7BC1ECCA66A008F9B3D /* PBXContainerItemProxy */;
		};
/* End PBXTargetDependency section */

/* Begin PBXVariantGroup section */
		6FA0B7A31ECCA66A008F9B3D /* Main.storyboard */ = {
			isa = PBXVariantGroup;
			children = (
				6FA0B7A41ECCA66A008F9B3D /* Base */,
			);
			name = Main.storyboard;
			sourceTree = "<group>";
		};
		6FA0B7A81ECCA66A008F9B3D /* LaunchScreen.storyboard */ = {
			isa = PBXVariantGroup;
			children = (
				6FA0B7A91ECCA66A008F9B3D /* Base */,
			);
			name = LaunchScreen.storyboard;
			sourceTree = "<group>";
		};
/* End PBXVariantGroup section */

/* Begin XCBuildConfiguration section */
		6FA0B7C21ECCA66A008F9B3D /* Debug */ = {
			isa = XCBuildConfiguration;
			buildSettings = {
				ALWAYS_SEARCH_USER_PATHS = NO;
				CLANG_ANALYZER_NONNULL = YES;
				CLANG_CXX_LANGUAGE_STANDARD = "gnu++0x";
				CLANG_CXX_LIBRARY = "libc++";
				CLANG_ENABLE_MODULES = YES;
				CLANG_ENABLE_OBJC_ARC = YES;
				CLANG_WARN_BOOL_CONVERSION = YES;
				CLANG_WARN_CONSTANT_CONVERSION = YES;
				CLANG_WARN_DIRECT_OBJC_ISA_USAGE = YES_ERROR;
				CLANG_WARN_DOCUMENTATION_COMMENTS = YES;
				CLANG_WARN_EMPTY_BODY = YES;
				CLANG_WARN_ENUM_CONVERSION = YES;
				CLANG_WARN_INFINITE_RECURSION = YES;
				CLANG_WARN_INT_CONVERSION = YES;
				CLANG_WARN_OBJC_ROOT_CLASS = YES_ERROR;
				CLANG_WARN_SUSPICIOUS_MOVE = YES;
				CLANG_WARN_UNREACHABLE_CODE = YES;
				CLANG_WARN__DUPLICATE_METHOD_MATCH = YES;
				"CODE_SIGN_IDENTITY[sdk=iphoneos*]" = "iPhone Developer";
				COPY_PHASE_STRIP = NO;
				DEBUG_INFORMATION_FORMAT = dwarf;
				ENABLE_STRICT_OBJC_MSGSEND = YES;
				ENABLE_TESTABILITY = YES;
				GCC_C_LANGUAGE_STANDARD = gnu99;
				GCC_DYNAMIC_NO_PIC = NO;
				GCC_NO_COMMON_BLOCKS = YES;
				GCC_OPTIMIZATION_LEVEL = 0;
				GCC_PREPROCESSOR_DEFINITIONS = (
					"DEBUG=1",
					"$(inherited)",
				);
				GCC_WARN_64_TO_32_BIT_CONVERSION = YES;
				GCC_WARN_ABOUT_RETURN_TYPE = YES_ERROR;
				GCC_WARN_UNDECLARED_SELECTOR = YES;
				GCC_WARN_UNINITIALIZED_AUTOS = YES_AGGRESSIVE;
				GCC_WARN_UNUSED_FUNCTION = YES;
				GCC_WARN_UNUSED_VARIABLE = YES;
				IPHONEOS_DEPLOYMENT_TARGET = 10.2;
				MTL_ENABLE_DEBUG_INFO = YES;
				ONLY_ACTIVE_ARCH = YES;
				SDKROOT = iphoneos;
				SWIFT_ACTIVE_COMPILATION_CONDITIONS = DEBUG;
				SWIFT_OPTIMIZATION_LEVEL = "-Onone";
				TARGETED_DEVICE_FAMILY = "1,2";
			};
			name = Debug;
		};
		6FA0B7C31ECCA66A008F9B3D /* Release */ = {
			isa = XCBuildConfiguration;
			buildSettings = {
				ALWAYS_SEARCH_USER_PATHS = NO;
				CLANG_ANALYZER_NONNULL = YES;
				CLANG_CXX_LANGUAGE_STANDARD = "gnu++0x";
				CLANG_CXX_LIBRARY = "libc++";
				CLANG_ENABLE_MODULES = YES;
				CLANG_ENABLE_OBJC_ARC = YES;
				CLANG_WARN_BOOL_CONVERSION = YES;
				CLANG_WARN_CONSTANT_CONVERSION = YES;
				CLANG_WARN_DIRECT_OBJC_ISA_USAGE = YES_ERROR;
				CLANG_WARN_DOCUMENTATION_COMMENTS = YES;
				CLANG_WARN_EMPTY_BODY = YES;
				CLANG_WARN_ENUM_CONVERSION = YES;
				CLANG_WARN_INFINITE_RECURSION = YES;
				CLANG_WARN_INT_CONVERSION = YES;
				CLANG_WARN_OBJC_ROOT_CLASS = YES_ERROR;
				CLANG_WARN_SUSPICIOUS_MOVE = YES;
				CLANG_WARN_UNREACHABLE_CODE = YES;
				CLANG_WARN__DUPLICATE_METHOD_MATCH = YES;
				"CODE_SIGN_IDENTITY[sdk=iphoneos*]" = "iPhone Developer";
				COPY_PHASE_STRIP = NO;
				DEBUG_INFORMATION_FORMAT = "dwarf-with-dsym";
				ENABLE_NS_ASSERTIONS = NO;
				ENABLE_STRICT_OBJC_MSGSEND = YES;
				GCC_C_LANGUAGE_STANDARD = gnu99;
				GCC_NO_COMMON_BLOCKS = YES;
				GCC_WARN_64_TO_32_BIT_CONVERSION = YES;
				GCC_WARN_ABOUT_RETURN_TYPE = YES_ERROR;
				GCC_WARN_UNDECLARED_SELECTOR = YES;
				GCC_WARN_UNINITIALIZED_AUTOS = YES_AGGRESSIVE;
				GCC_WARN_UNUSED_FUNCTION = YES;
				GCC_WARN_UNUSED_VARIABLE = YES;
				IPHONEOS_DEPLOYMENT_TARGET = 10.2;
				MTL_ENABLE_DEBUG_INFO = NO;
				SDKROOT = iphoneos;
				SWIFT_OPTIMIZATION_LEVEL = "-Owholemodule";
				TARGETED_DEVICE_FAMILY = "1,2";
				VALIDATE_PRODUCT = YES;
			};
			name = Release;
		};
		6FA0B7C51ECCA66A008F9B3D /* Debug */ = {
			isa = XCBuildConfiguration;
			buildSettings = {
				ASSETCATALOG_COMPILER_APPICON_NAME = AppIcon;
				DEVELOPMENT_TEAM = 9Q67Y9479B;
				INFOPLIST_FILE = "Simple Counter/Info.plist";
				LD_RUNPATH_SEARCH_PATHS = "$(inherited) @executable_path/Frameworks";
				PRODUCT_BUNDLE_IDENTIFIER = "com.claysullivan.Simple-Counter";
				PRODUCT_NAME = "$(TARGET_NAME)";
				SWIFT_VERSION = 3.0;
			};
			name = Debug;
		};
		6FA0B7C61ECCA66A008F9B3D /* Release */ = {
			isa = XCBuildConfiguration;
			buildSettings = {
				ASSETCATALOG_COMPILER_APPICON_NAME = AppIcon;
				DEVELOPMENT_TEAM = 9Q67Y9479B;
				INFOPLIST_FILE = "Simple Counter/Info.plist";
				LD_RUNPATH_SEARCH_PATHS = "$(inherited) @executable_path/Frameworks";
				PRODUCT_BUNDLE_IDENTIFIER = "com.claysullivan.Simple-Counter";
				PRODUCT_NAME = "$(TARGET_NAME)";
				SWIFT_VERSION = 3.0;
			};
			name = Release;
		};
		6FA0B7C81ECCA66A008F9B3D /* Debug */ = {
			isa = XCBuildConfiguration;
			buildSettings = {
				ALWAYS_EMBED_SWIFT_STANDARD_LIBRARIES = YES;
				BUNDLE_LOADER = "$(TEST_HOST)";
				DEVELOPMENT_TEAM = 9Q67Y9479B;
				INFOPLIST_FILE = "Simple CounterTests/Info.plist";
				LD_RUNPATH_SEARCH_PATHS = "$(inherited) @executable_path/Frameworks @loader_path/Frameworks";
				PRODUCT_BUNDLE_IDENTIFIER = "com.claysullivan.Simple-CounterTests";
				PRODUCT_NAME = "$(TARGET_NAME)";
				SWIFT_VERSION = 3.0;
				TEST_HOST = "$(BUILT_PRODUCTS_DIR)/Simple Counter.app/Simple Counter";
			};
			name = Debug;
		};
		6FA0B7C91ECCA66A008F9B3D /* Release */ = {
			isa = XCBuildConfiguration;
			buildSettings = {
				ALWAYS_EMBED_SWIFT_STANDARD_LIBRARIES = YES;
				BUNDLE_LOADER = "$(TEST_HOST)";
				DEVELOPMENT_TEAM = 9Q67Y9479B;
				INFOPLIST_FILE = "Simple CounterTests/Info.plist";
				LD_RUNPATH_SEARCH_PATHS = "$(inherited) @executable_path/Frameworks @loader_path/Frameworks";
				PRODUCT_BUNDLE_IDENTIFIER = "com.claysullivan.Simple-CounterTests";
				PRODUCT_NAME = "$(TARGET_NAME)";
				SWIFT_VERSION = 3.0;
				TEST_HOST = "$(BUILT_PRODUCTS_DIR)/Simple Counter.app/Simple Counter";
			};
			name = Release;
		};
		6FA0B7CB1ECCA66A008F9B3D /* Debug */ = {
			isa = XCBuildConfiguration;
			buildSettings = {
				ALWAYS_EMBED_SWIFT_STANDARD_LIBRARIES = YES;
				DEVELOPMENT_TEAM = 9Q67Y9479B;
				INFOPLIST_FILE = "Simple CounterUITests/Info.plist";
				LD_RUNPATH_SEARCH_PATHS = "$(inherited) @executable_path/Frameworks @loader_path/Frameworks";
				PRODUCT_BUNDLE_IDENTIFIER = "com.claysullivan.Simple-CounterUITests";
				PRODUCT_NAME = "$(TARGET_NAME)";
				SWIFT_VERSION = 3.0;
				TEST_TARGET_NAME = "Simple Counter";
			};
			name = Debug;
		};
		6FA0B7CC1ECCA66A008F9B3D /* Release */ = {
			isa = XCBuildConfiguration;
			buildSettings = {
				ALWAYS_EMBED_SWIFT_STANDARD_LIBRARIES = YES;
				DEVELOPMENT_TEAM = 9Q67Y9479B;
				INFOPLIST_FILE = "Simple CounterUITests/Info.plist";
				LD_RUNPATH_SEARCH_PATHS = "$(inherited) @executable_path/Frameworks @loader_path/Frameworks";
				PRODUCT_BUNDLE_IDENTIFIER = "com.claysullivan.Simple-CounterUITests";
				PRODUCT_NAME = "$(TARGET_NAME)";
				SWIFT_VERSION = 3.0;
				TEST_TARGET_NAME = "Simple Counter";
			};
			name = Release;
		};
/* End XCBuildConfiguration section */

/* Begin XCConfigurationList section */
		6FA0B7971ECCA669008F9B3D /* Build configuration list for PBXProject "Simple Counter" */ = {
			isa = XCConfigurationList;
			buildConfigurations = (
				6FA0B7C21ECCA66A008F9B3D /* Debug */,
				6FA0B7C31ECCA66A008F9B3D /* Release */,
			);
			defaultConfigurationIsVisible = 0;
			defaultConfigurationName = Release;
		};
		6FA0B7C41ECCA66A008F9B3D /* Build configuration list for PBXNativeTarget "Simple Counter" */ = {
			isa = XCConfigurationList;
			buildConfigurations = (
				6FA0B7C51ECCA66A008F9B3D /* Debug */,
				6FA0B7C61ECCA66A008F9B3D /* Release */,
			);
			defaultConfigurationIsVisible = 0;
		};
		6FA0B7C71ECCA66A008F9B3D /* Build configuration list for PBXNativeTarget "Simple CounterTests" */ = {
			isa = XCConfigurationList;
			buildConfigurations = (
				6FA0B7C81ECCA66A008F9B3D /* Debug */,
				6FA0B7C91ECCA66A008F9B3D /* Release */,
			);
			defaultConfigurationIsVisible = 0;
		};
		6FA0B7CA1ECCA66A008F9B3D /* Build configuration list for PBXNativeTarget "Simple CounterUITests" */ = {
			isa = XCConfigurationList;
			buildConfigurations = (
				6FA0B7CB1ECCA66A008F9B3D /* Debug */,
				6FA0B7CC1ECCA66A008F9B3D /* Release */,
			);
			defaultConfigurationIsVisible = 0;
		};
/* End XCConfigurationList section */
	};
	rootObject = 6FA0B7941ECCA669008F9B3D /* Project object */;
}
